
Microsoft Visual Studio Solution File, Format Version 12.00
# Visual Studio Version 17
VisualStudioVersion = 17.14.36623.8 d17.14
MinimumVisualStudioVersion = 10.0.40219.1
Project("{FAE04EC0-301F-11D3-BF4B-00C04F79EFBC}") = "CleanArium", "CleanArium\CleanArium.csproj", "{200804AF-02D1-4F3C-922D-11EA3024C5B6}"
EndProject
Project("{FAE04EC0-301F-11D3-BF4B-00C04F79EFBC}") = "Domain", "Domain\Domain.csproj", "{D904D878-0E0F-4F0B-B9A0-F7B93A0BA9B0}"
EndProject
Project("{FAE04EC0-301F-11D3-BF4B-00C04F79EFBC}") = "Persistence", "Persistence\Persistence.csproj", "{28989432-BC33-409D-971D-B1F5DF339742}"
EndProject
Project("{FAE04EC0-301F-11D3-BF4B-00C04F79EFBC}") = "Application", "Application\Application.csproj", "{8977754D-46CE-41E0-B6DD-AAE5E146A716}"
EndProject
Project("{FAE04EC0-301F-11D3-BF4B-00C04F79EFBC}") = "Infrastructure", "Infrastructure\Infrastructure.csproj", "{C1B93A35-30DB-4586-9E93-4EC6D8AE470D}"
EndProject
Global
	GlobalSection(SolutionConfigurationPlatforms) = preSolution
		Debug|Any CPU = Debug|Any CPU
		Release|Any CPU = Release|Any CPU
	EndGlobalSection
	GlobalSection(ProjectConfigurationPlatforms) = postSolution
		{200804AF-02D1-4F3C-922D-11EA3024C5B6}.Debug|Any CPU.ActiveCfg = Debug|Any CPU
		{200804AF-02D1-4F3C-922D-11EA3024C5B6}.Debug|Any CPU.Build.0 = Debug|Any CPU
		{200804AF-02D1-4F3C-922D-11EA3024C5B6}.Release|Any CPU.ActiveCfg = Release|Any CPU
		{200804AF-02D1-4F3C-922D-11EA3024C5B6}.Release|Any CPU.Build.0 = Release|Any CPU
		{D904D878-0E0F-4F0B-B9A0-F7B93A0BA9B0}.Debug|Any CPU.ActiveCfg = Debug|Any CPU
		{D904D878-0E0F-4F0B-B9A0-F7B93A0BA9B0}.Debug|Any CPU.Build.0 = Debug|Any CPU
		{D904D878-0E0F-4F0B-B9A0-F7B93A0BA9B0}.Release|Any CPU.ActiveCfg = Release|Any CPU
		{D904D878-0E0F-4F0B-B9A0-F7B93A0BA9B0}.Release|Any CPU.Build.0 = Release|Any CPU
		{28989432-BC33-409D-971D-B1F5DF339742}.Debug|Any CPU.ActiveCfg = Debug|Any CPU
		{28989432-BC33-409D-971D-B1F5DF339742}.Debug|Any CPU.Build.0 = Debug|Any CPU
		{28989432-BC33-409D-971D-B1F5DF339742}.Release|Any CPU.ActiveCfg = Release|Any CPU
		{28989432-BC33-409D-971D-B1F5DF339742}.Release|Any CPU.Build.0 = Release|Any CPU
		{8977754D-46CE-41E0-B6DD-AAE5E146A716}.Debug|Any CPU.ActiveCfg = Debug|Any CPU
		{8977754D-46CE-41E0-B6DD-AAE5E146A716}.Debug|Any CPU.Build.0 = Debug|Any CPU
		{8977754D-46CE-41E0-B6DD-AAE5E146A716}.Release|Any CPU.ActiveCfg = Release|Any CPU
		{8977754D-46CE-41E0-B6DD-AAE5E146A716}.Release|Any CPU.Build.0 = Release|Any CPU
		{C1B93A35-30DB-4586-9E93-4EC6D8AE470D}.Debug|Any CPU.ActiveCfg = Debug|Any CPU
		{C1B93A35-30DB-4586-9E93-4EC6D8AE470D}.Debug|Any CPU.Build.0 = Debug|Any CPU
		{C1B93A35-30DB-4586-9E93-4EC6D8AE470D}.Release|Any CPU.ActiveCfg = Release|Any CPU
		{C1B93A35-30DB-4586-9E93-4EC6D8AE470D}.Release|Any CPU.Build.0 = Release|Any CPU
	EndGlobalSection
	GlobalSection(SolutionProperties) = preSolution
		HideSolutionNode = FALSE
	EndGlobalSection
	GlobalSection(ExtensibilityGlobals) = postSolution
		SolutionGuid = {0EE8F931-F689-40EA-80E4-8172CAAF9D28}
	EndGlobalSection
EndGlobal
